
Microsoft Visual Studio Solution File, Format Version 12.00
# Visual Studio Version 16
VisualStudioVersion = 16.0.29411.108
MinimumVisualStudioVersion = 10.0.40219.1
Project("{63ADBEBB-A589-4C85-9C41-29CA60B1E4F3}") = "GShadePresetInstaller", "GShade-Preset-Installer\GShadePresetInstaller.csproj", "{189E6335-9506-49E5-A74C-7D321BB934C8}"
EndProject
Global
	GlobalSection(SolutionConfigurationPlatforms) = preSolution
		Debug|x64 = Debug|x64
		Release|x64 = Release|x64
	EndGlobalSection
	GlobalSection(ProjectConfigurationPlatforms) = postSolution
		{189E6335-9506-49E5-A74C-7D321BB934C8}.Debug|x64.ActiveCfg = Debug|x64
		{189E6335-9506-49E5-A74C-7D321BB934C8}.Debug|x64.Build.0 = Debug|x64
		{189E6335-9506-49E5-A74C-7D321BB934C8}.Release|x64.ActiveCfg = Release|x64
		{189E6335-9506-49E5-A74C-7D321BB934C8}.Release|x64.Build.0 = Release|x64
	EndGlobalSection
	GlobalSection(SolutionProperties) = preSolution
		HideSolutionNode = FALSE
	EndGlobalSection
	GlobalSection(ExtensibilityGlobals) = postSolution
		SolutionGuid = {22BDA157-2583-4FD9-ABF4-08E308EF0DD1}
	EndGlobalSection
EndGlobal
